
Microsoft Visual Studio Solution File, Format Version 12.00
# Visual Studio Version 16
VisualStudioVersion = 16.0.30523.141
MinimumVisualStudioVersion = 10.0.40219.1
Project("{FAE04EC0-301F-11D3-BF4B-00C04F79EFBC}") = "DrinkAge_1.0", "DrinkAge_1.0\DrinkAge_1.0.csproj", "{A5D9952E-0350-461A-A53A-756D0B311A6F}"
EndProject
Global
	GlobalSection(SolutionConfigurationPlatforms) = preSolution
		Debug|Any CPU = Debug|Any CPU
		Release|Any CPU = Release|Any CPU
	EndGlobalSection
	GlobalSection(ProjectConfigurationPlatforms) = postSolution
		{A5D9952E-0350-461A-A53A-756D0B311A6F}.Debug|Any CPU.ActiveCfg = Debug|Any CPU
		{A5D9952E-0350-461A-A53A-756D0B311A6F}.Debug|Any CPU.Build.0 = Debug|Any CPU
		{A5D9952E-0350-461A-A53A-756D0B311A6F}.Release|Any CPU.ActiveCfg = Release|Any CPU
		{A5D9952E-0350-461A-A53A-756D0B311A6F}.Release|Any CPU.Build.0 = Release|Any CPU
	EndGlobalSection
	GlobalSection(SolutionProperties) = preSolution
		HideSolutionNode = FALSE
	EndGlobalSection
	GlobalSection(ExtensibilityGlobals) = postSolution
		SolutionGuid = {76FADA39-6983-4C3E-97A4-D07773270272}
	EndGlobalSection
EndGlobal
